
Microsoft Visual Studio Solution File, Format Version 12.00
# Visual Studio Version 16
VisualStudioVersion = 16.0.29009.5
MinimumVisualStudioVersion = 10.0.40219.1
Project("{FAE04EC0-301F-11D3-BF4B-00C04F79EFBC}") = "Q1Lab3", "Q1Lab3\Q1Lab3.csproj", "{D163CE19-F630-4099-ABFC-33052DE9B64E}"
EndProject
Project("{FAE04EC0-301F-11D3-BF4B-00C04F79EFBC}") = "PlayerQuery", "PlayerQuery\PlayerQuery.csproj", "{77AE4946-7673-459B-994F-1050B327D9AD}"
EndProject
Project("{FAE04EC0-301F-11D3-BF4B-00C04F79EFBC}") = "BaseballLib", "BaseballLib\BaseballLib.csproj", "{DF819542-C05E-4A1C-9F33-E9449A734E8E}"
EndProject
Project("{2150E333-8FDC-42A3-9474-1A3956D46DE8}") = "Question1", "Question1", "{C12AB5C5-9641-4F13-B28D-9F3F0E3262D8}"
EndProject
Project("{2150E333-8FDC-42A3-9474-1A3956D46DE8}") = "Question3", "Question3", "{DDC5DC6E-84E7-40EB-A293-70E6B5B72836}"
EndProject
Project("{2150E333-8FDC-42A3-9474-1A3956D46DE8}") = "Question2", "Question2", "{3F848406-E15D-4E32-AA99-143D1D484781}"
EndProject
Project("{FAE04EC0-301F-11D3-BF4B-00C04F79EFBC}") = "BooksLib", "BooksLib\BooksLib.csproj", "{59905F4C-593E-4BED-BA26-E32B44C213D0}"
EndProject
Project("{FAE04EC0-301F-11D3-BF4B-00C04F79EFBC}") = "QueryTable", "QueryTable\QueryTable.csproj", "{048729FA-27CC-49ED-95A5-6B49C6C5D562}"
EndProject
Global
	GlobalSection(SolutionConfigurationPlatforms) = preSolution
		Debug|Any CPU = Debug|Any CPU
		Release|Any CPU = Release|Any CPU
	EndGlobalSection
	GlobalSection(ProjectConfigurationPlatforms) = postSolution
		{D163CE19-F630-4099-ABFC-33052DE9B64E}.Debug|Any CPU.ActiveCfg = Debug|Any CPU
		{D163CE19-F630-4099-ABFC-33052DE9B64E}.Debug|Any CPU.Build.0 = Debug|Any CPU
		{D163CE19-F630-4099-ABFC-33052DE9B64E}.Release|Any CPU.ActiveCfg = Release|Any CPU
		{D163CE19-F630-4099-ABFC-33052DE9B64E}.Release|Any CPU.Build.0 = Release|Any CPU
		{77AE4946-7673-459B-994F-1050B327D9AD}.Debug|Any CPU.ActiveCfg = Debug|Any CPU
		{77AE4946-7673-459B-994F-1050B327D9AD}.Debug|Any CPU.Build.0 = Debug|Any CPU
		{77AE4946-7673-459B-994F-1050B327D9AD}.Release|Any CPU.ActiveCfg = Release|Any CPU
		{77AE4946-7673-459B-994F-1050B327D9AD}.Release|Any CPU.Build.0 = Release|Any CPU
		{DF819542-C05E-4A1C-9F33-E9449A734E8E}.Debug|Any CPU.ActiveCfg = Debug|Any CPU
		{DF819542-C05E-4A1C-9F33-E9449A734E8E}.Debug|Any CPU.Build.0 = Debug|Any CPU
		{DF819542-C05E-4A1C-9F33-E9449A734E8E}.Release|Any CPU.ActiveCfg = Release|Any CPU
		{DF819542-C05E-4A1C-9F33-E9449A734E8E}.Release|Any CPU.Build.0 = Release|Any CPU
		{59905F4C-593E-4BED-BA26-E32B44C213D0}.Debug|Any CPU.ActiveCfg = Debug|Any CPU
		{59905F4C-593E-4BED-BA26-E32B44C213D0}.Debug|Any CPU.Build.0 = Debug|Any CPU
		{59905F4C-593E-4BED-BA26-E32B44C213D0}.Release|Any CPU.ActiveCfg = Release|Any CPU
		{59905F4C-593E-4BED-BA26-E32B44C213D0}.Release|Any CPU.Build.0 = Release|Any CPU
		{048729FA-27CC-49ED-95A5-6B49C6C5D562}.Debug|Any CPU.ActiveCfg = Debug|Any CPU
		{048729FA-27CC-49ED-95A5-6B49C6C5D562}.Debug|Any CPU.Build.0 = Debug|Any CPU
		{048729FA-27CC-49ED-95A5-6B49C6C5D562}.Release|Any CPU.ActiveCfg = Release|Any CPU
		{048729FA-27CC-49ED-95A5-6B49C6C5D562}.Release|Any CPU.Build.0 = Release|Any CPU
	EndGlobalSection
	GlobalSection(SolutionProperties) = preSolution
		HideSolutionNode = FALSE
	EndGlobalSection
	GlobalSection(NestedProjects) = preSolution
		{D163CE19-F630-4099-ABFC-33052DE9B64E} = {C12AB5C5-9641-4F13-B28D-9F3F0E3262D8}
		{77AE4946-7673-459B-994F-1050B327D9AD} = {3F848406-E15D-4E32-AA99-143D1D484781}
		{DF819542-C05E-4A1C-9F33-E9449A734E8E} = {3F848406-E15D-4E32-AA99-143D1D484781}
		{59905F4C-593E-4BED-BA26-E32B44C213D0} = {DDC5DC6E-84E7-40EB-A293-70E6B5B72836}
		{048729FA-27CC-49ED-95A5-6B49C6C5D562} = {DDC5DC6E-84E7-40EB-A293-70E6B5B72836}
	EndGlobalSection
	GlobalSection(ExtensibilityGlobals) = postSolution
		SolutionGuid = {F8409D68-2DF1-4535-A04F-F240BD3F3230}
	EndGlobalSection
EndGlobal
